
Microsoft Visual Studio Solution File, Format Version 12.00
# Visual Studio Version 16
VisualStudioVersion = 16.0.29920.165
MinimumVisualStudioVersion = 10.0.40219.1
Project("{FAE04EC0-301F-11D3-BF4B-00C04F79EFBC}") = "WF_01", "WF_01\WF_01.csproj", "{3F6A08DA-97BF-47D1-B20F-6B35962DE8FE}"
EndProject
Project("{FAE04EC0-301F-11D3-BF4B-00C04F79EFBC}") = "WF_02", "WF_02\WF_02.csproj", "{C38D193E-9CAE-4587-94B5-0A0815989D51}"
EndProject
Project("{FAE04EC0-301F-11D3-BF4B-00C04F79EFBC}") = "WF_03(Designer)", "WF_03(Designer)\WF_03(Designer).csproj", "{55A27223-FC39-43D7-B955-4A2743FE672B}"
EndProject
Project("{FAE04EC0-301F-11D3-BF4B-00C04F79EFBC}") = "WF_04_Mouse", "WF_04_Mouse\WF_04_Mouse.csproj", "{07D2F257-8E18-49FF-BF2D-B435CF31F8A9}"
EndProject
Project("{FAE04EC0-301F-11D3-BF4B-00C04F79EFBC}") = "WF_05_Date", "WF_05_Date\WF_05_Date.csproj", "{2C121748-3356-4DD1-8F21-A815D1DF5E5C}"
EndProject
Project("{FAE04EC0-301F-11D3-BF4B-00C04F79EFBC}") = "WF_06_TextBoxes", "WF_06_TextBoxes\WF_06_TextBoxes.csproj", "{1A37E72D-38A0-4F25-BF5A-92C5D40CCB8C}"
EndProject
Project("{FAE04EC0-301F-11D3-BF4B-00C04F79EFBC}") = "WF_07_Keyboard", "WF_07_Keyboard\WF_07_Keyboard.csproj", "{EE21918B-01E4-4426-A293-839F3120F2F8}"
EndProject
Project("{FAE04EC0-301F-11D3-BF4B-00C04F79EFBC}") = "WF_Keyboard_game", "WF_Keyboard_game\WF_Keyboard_game.csproj", "{F817F648-4C21-4A56-BBFD-D934EEECCD05}"
EndProject
Project("{FAE04EC0-301F-11D3-BF4B-00C04F79EFBC}") = "WF_08_CheckBoxex", "WF_08_CheckBoxex\WF_08_CheckBoxex.csproj", "{E2C4C0CE-64EC-4CA8-A17E-9A2E56203B0C}"
EndProject
Project("{FAE04EC0-301F-11D3-BF4B-00C04F79EFBC}") = "WF_09_RadioButtons", "WF_09_RadioButtons\WF_09_RadioButtons.csproj", "{519DFD86-D73C-4EDC-8194-9ECDB6359C1C}"
EndProject
Project("{FAE04EC0-301F-11D3-BF4B-00C04F79EFBC}") = "WF_10_CheckedListBox", "WF_10_CheckedListBox\WF_10_CheckedListBox.csproj", "{DEB1EBA4-1261-452D-8B0D-0ADBA4AFBE4D}"
EndProject
Project("{FAE04EC0-301F-11D3-BF4B-00C04F79EFBC}") = "WF_11_ListBox", "WF_11_ListBox\WF_11_ListBox.csproj", "{450DD82E-AED3-4E37-A211-F049C5103ABB}"
EndProject
Project("{FAE04EC0-301F-11D3-BF4B-00C04F79EFBC}") = "WF_12_ComboBox", "WF_12_ComboBox\WF_12_ComboBox.csproj", "{F6E5BCBC-D893-4655-BA4F-CBD7AADC1BCE}"
EndProject
Project("{FAE04EC0-301F-11D3-BF4B-00C04F79EFBC}") = "WF_13_DataSource", "WF_13_DataSource\WF_13_DataSource.csproj", "{1F30AD5A-027B-4598-9A77-BC4A9F3B7EF8}"
EndProject
Project("{FAE04EC0-301F-11D3-BF4B-00C04F79EFBC}") = "WF_14_TrackBar", "WF_14_TrackBar\WF_14_TrackBar.csproj", "{C47875CC-5BC7-4164-97DE-956B232AF1E7}"
EndProject
Project("{FAE04EC0-301F-11D3-BF4B-00C04F79EFBC}") = "WF_15_Scrollbars", "WF_15_Scrollbars\WF_15_Scrollbars.csproj", "{C75B6C4C-7F57-4C51-9BCB-B15539FE20D2}"
EndProject
Project("{FAE04EC0-301F-11D3-BF4B-00C04F79EFBC}") = "WF_16_NotifyIcon", "WF_16_NotifyIcon\WF_16_NotifyIcon.csproj", "{00C743A4-2297-4B08-A585-DEC3A86DF58B}"
EndProject
Project("{FAE04EC0-301F-11D3-BF4B-00C04F79EFBC}") = "WF_17_ErrorProvider", "WF_17_ErrorProvider\WF_17_ErrorProvider.csproj", "{DB389256-401F-483E-9A7A-3EC3C789151F}"
EndProject
Project("{FAE04EC0-301F-11D3-BF4B-00C04F79EFBC}") = "WF_18_Dialogs", "WF_18_Dialogs\WF_18_Dialogs.csproj", "{CE212045-663E-493A-A955-6E86774783A1}"
EndProject
Project("{FAE04EC0-301F-11D3-BF4B-00C04F79EFBC}") = "WF_19_InteractionBetweenForms", "WF_19_InteractionBetweenForms\WF_19_InteractionBetweenForms.csproj", "{52CE1828-F110-4288-B080-8E0D0939F76A}"
EndProject
Project("{FAE04EC0-301F-11D3-BF4B-00C04F79EFBC}") = "WF_20_MDI", "WF_20_MDI\WF_20_MDI.csproj", "{65F9CE6A-B486-4D51-A31B-3E5225E0C664}"
EndProject
Project("{FAE04EC0-301F-11D3-BF4B-00C04F79EFBC}") = "WF_21_DragDrop", "WF_21_DragDrop\WF_21_DragDrop.csproj", "{002EC187-0AF9-4E58-82B3-D09944F147B7}"
EndProject
Project("{FAE04EC0-301F-11D3-BF4B-00C04F79EFBC}") = "WF_22_DragDropImage", "WF_22_DragDropImage\WF_22_DragDropImage.csproj", "{71502108-8514-4A82-A236-A9D861E4B055}"
EndProject
Project("{FAE04EC0-301F-11D3-BF4B-00C04F79EFBC}") = "WF_23_ListView", "WF_23_ListView\WF_23_ListView.csproj", "{FFC0366D-3034-44DF-9627-FCA2ACD4AE59}"
EndProject
Project("{FAE04EC0-301F-11D3-BF4B-00C04F79EFBC}") = "WF_24_ListViewExample", "WF_24_ListViewExample\WF_24_ListViewExample.csproj", "{64487072-EE9C-4614-98D9-2B77CD67A051}"
EndProject
Project("{FAE04EC0-301F-11D3-BF4B-00C04F79EFBC}") = "WF_25_TreeView", "WF_25_TreeView\WF_25_TreeView.csproj", "{4FE04510-59CD-412E-8E2C-740CBF6DEA6A}"
EndProject
Project("{FAE04EC0-301F-11D3-BF4B-00C04F79EFBC}") = "WF_26_DataGridView", "WF_26_DataGridView\WF_26_DataGridView.csproj", "{374A4A19-4CB3-4315-83B9-97047DD4BD67}"
EndProject
Global
	GlobalSection(SolutionConfigurationPlatforms) = preSolution
		Debug|Any CPU = Debug|Any CPU
		Release|Any CPU = Release|Any CPU
	EndGlobalSection
	GlobalSection(ProjectConfigurationPlatforms) = postSolution
		{3F6A08DA-97BF-47D1-B20F-6B35962DE8FE}.Debug|Any CPU.ActiveCfg = Debug|Any CPU
		{3F6A08DA-97BF-47D1-B20F-6B35962DE8FE}.Debug|Any CPU.Build.0 = Debug|Any CPU
		{3F6A08DA-97BF-47D1-B20F-6B35962DE8FE}.Release|Any CPU.ActiveCfg = Release|Any CPU
		{3F6A08DA-97BF-47D1-B20F-6B35962DE8FE}.Release|Any CPU.Build.0 = Release|Any CPU
		{C38D193E-9CAE-4587-94B5-0A0815989D51}.Debug|Any CPU.ActiveCfg = Debug|Any CPU
		{C38D193E-9CAE-4587-94B5-0A0815989D51}.Debug|Any CPU.Build.0 = Debug|Any CPU
		{C38D193E-9CAE-4587-94B5-0A0815989D51}.Release|Any CPU.ActiveCfg = Release|Any CPU
		{C38D193E-9CAE-4587-94B5-0A0815989D51}.Release|Any CPU.Build.0 = Release|Any CPU
		{55A27223-FC39-43D7-B955-4A2743FE672B}.Debug|Any CPU.ActiveCfg = Debug|Any CPU
		{55A27223-FC39-43D7-B955-4A2743FE672B}.Debug|Any CPU.Build.0 = Debug|Any CPU
		{55A27223-FC39-43D7-B955-4A2743FE672B}.Release|Any CPU.ActiveCfg = Release|Any CPU
		{55A27223-FC39-43D7-B955-4A2743FE672B}.Release|Any CPU.Build.0 = Release|Any CPU
		{07D2F257-8E18-49FF-BF2D-B435CF31F8A9}.Debug|Any CPU.ActiveCfg = Debug|Any CPU
		{07D2F257-8E18-49FF-BF2D-B435CF31F8A9}.Debug|Any CPU.Build.0 = Debug|Any CPU
		{07D2F257-8E18-49FF-BF2D-B435CF31F8A9}.Release|Any CPU.ActiveCfg = Release|Any CPU
		{07D2F257-8E18-49FF-BF2D-B435CF31F8A9}.Release|Any CPU.Build.0 = Release|Any CPU
		{2C121748-3356-4DD1-8F21-A815D1DF5E5C}.Debug|Any CPU.ActiveCfg = Debug|Any CPU
		{2C121748-3356-4DD1-8F21-A815D1DF5E5C}.Debug|Any CPU.Build.0 = Debug|Any CPU
		{2C121748-3356-4DD1-8F21-A815D1DF5E5C}.Release|Any CPU.ActiveCfg = Release|Any CPU
		{2C121748-3356-4DD1-8F21-A815D1DF5E5C}.Release|Any CPU.Build.0 = Release|Any CPU
		{1A37E72D-38A0-4F25-BF5A-92C5D40CCB8C}.Debug|Any CPU.ActiveCfg = Debug|Any CPU
		{1A37E72D-38A0-4F25-BF5A-92C5D40CCB8C}.Debug|Any CPU.Build.0 = Debug|Any CPU
		{1A37E72D-38A0-4F25-BF5A-92C5D40CCB8C}.Release|Any CPU.ActiveCfg = Release|Any CPU
		{1A37E72D-38A0-4F25-BF5A-92C5D40CCB8C}.Release|Any CPU.Build.0 = Release|Any CPU
		{EE21918B-01E4-4426-A293-839F3120F2F8}.Debug|Any CPU.ActiveCfg = Debug|Any CPU
		{EE21918B-01E4-4426-A293-839F3120F2F8}.Debug|Any CPU.Build.0 = Debug|Any CPU
		{EE21918B-01E4-4426-A293-839F3120F2F8}.Release|Any CPU.ActiveCfg = Release|Any CPU
		{EE21918B-01E4-4426-A293-839F3120F2F8}.Release|Any CPU.Build.0 = Release|Any CPU
		{F817F648-4C21-4A56-BBFD-D934EEECCD05}.Debug|Any CPU.ActiveCfg = Debug|Any CPU
		{F817F648-4C21-4A56-BBFD-D934EEECCD05}.Debug|Any CPU.Build.0 = Debug|Any CPU
		{F817F648-4C21-4A56-BBFD-D934EEECCD05}.Release|Any CPU.ActiveCfg = Release|Any CPU
		{F817F648-4C21-4A56-BBFD-D934EEECCD05}.Release|Any CPU.Build.0 = Release|Any CPU
		{E2C4C0CE-64EC-4CA8-A17E-9A2E56203B0C}.Debug|Any CPU.ActiveCfg = Debug|Any CPU
		{E2C4C0CE-64EC-4CA8-A17E-9A2E56203B0C}.Debug|Any CPU.Build.0 = Debug|Any CPU
		{E2C4C0CE-64EC-4CA8-A17E-9A2E56203B0C}.Release|Any CPU.ActiveCfg = Release|Any CPU
		{E2C4C0CE-64EC-4CA8-A17E-9A2E56203B0C}.Release|Any CPU.Build.0 = Release|Any CPU
		{519DFD86-D73C-4EDC-8194-9ECDB6359C1C}.Debug|Any CPU.ActiveCfg = Debug|Any CPU
		{519DFD86-D73C-4EDC-8194-9ECDB6359C1C}.Debug|Any CPU.Build.0 = Debug|Any CPU
		{519DFD86-D73C-4EDC-8194-9ECDB6359C1C}.Release|Any CPU.ActiveCfg = Release|Any CPU
		{519DFD86-D73C-4EDC-8194-9ECDB6359C1C}.Release|Any CPU.Build.0 = Release|Any CPU
		{DEB1EBA4-1261-452D-8B0D-0ADBA4AFBE4D}.Debug|Any CPU.ActiveCfg = Debug|Any CPU
		{DEB1EBA4-1261-452D-8B0D-0ADBA4AFBE4D}.Debug|Any CPU.Build.0 = Debug|Any CPU
		{DEB1EBA4-1261-452D-8B0D-0ADBA4AFBE4D}.Release|Any CPU.ActiveCfg = Release|Any CPU
		{DEB1EBA4-1261-452D-8B0D-0ADBA4AFBE4D}.Release|Any CPU.Build.0 = Release|Any CPU
		{450DD82E-AED3-4E37-A211-F049C5103ABB}.Debug|Any CPU.ActiveCfg = Debug|Any CPU
		{450DD82E-AED3-4E37-A211-F049C5103ABB}.Debug|Any CPU.Build.0 = Debug|Any CPU
		{450DD82E-AED3-4E37-A211-F049C5103ABB}.Release|Any CPU.ActiveCfg = Release|Any CPU
		{450DD82E-AED3-4E37-A211-F049C5103ABB}.Release|Any CPU.Build.0 = Release|Any CPU
		{F6E5BCBC-D893-4655-BA4F-CBD7AADC1BCE}.Debug|Any CPU.ActiveCfg = Debug|Any CPU
		{F6E5BCBC-D893-4655-BA4F-CBD7AADC1BCE}.Debug|Any CPU.Build.0 = Debug|Any CPU
		{F6E5BCBC-D893-4655-BA4F-CBD7AADC1BCE}.Release|Any CPU.ActiveCfg = Release|Any CPU
		{F6E5BCBC-D893-4655-BA4F-CBD7AADC1BCE}.Release|Any CPU.Build.0 = Release|Any CPU
		{1F30AD5A-027B-4598-9A77-BC4A9F3B7EF8}.Debug|Any CPU.ActiveCfg = Debug|Any CPU
		{1F30AD5A-027B-4598-9A77-BC4A9F3B7EF8}.Debug|Any CPU.Build.0 = Debug|Any CPU
		{1F30AD5A-027B-4598-9A77-BC4A9F3B7EF8}.Release|Any CPU.ActiveCfg = Release|Any CPU
		{1F30AD5A-027B-4598-9A77-BC4A9F3B7EF8}.Release|Any CPU.Build.0 = Release|Any CPU
		{C47875CC-5BC7-4164-97DE-956B232AF1E7}.Debug|Any CPU.ActiveCfg = Debug|Any CPU
		{C47875CC-5BC7-4164-97DE-956B232AF1E7}.Debug|Any CPU.Build.0 = Debug|Any CPU
		{C47875CC-5BC7-4164-97DE-956B232AF1E7}.Release|Any CPU.ActiveCfg = Release|Any CPU
		{C47875CC-5BC7-4164-97DE-956B232AF1E7}.Release|Any CPU.Build.0 = Release|Any CPU
		{C75B6C4C-7F57-4C51-9BCB-B15539FE20D2}.Debug|Any CPU.ActiveCfg = Debug|Any CPU
		{C75B6C4C-7F57-4C51-9BCB-B15539FE20D2}.Debug|Any CPU.Build.0 = Debug|Any CPU
		{C75B6C4C-7F57-4C51-9BCB-B15539FE20D2}.Release|Any CPU.ActiveCfg = Release|Any CPU
		{C75B6C4C-7F57-4C51-9BCB-B15539FE20D2}.Release|Any CPU.Build.0 = Release|Any CPU
		{00C743A4-2297-4B08-A585-DEC3A86DF58B}.Debug|Any CPU.ActiveCfg = Debug|Any CPU
		{00C743A4-2297-4B08-A585-DEC3A86DF58B}.Debug|Any CPU.Build.0 = Debug|Any CPU
		{00C743A4-2297-4B08-A585-DEC3A86DF58B}.Release|Any CPU.ActiveCfg = Release|Any CPU
		{00C743A4-2297-4B08-A585-DEC3A86DF58B}.Release|Any CPU.Build.0 = Release|Any CPU
		{DB389256-401F-483E-9A7A-3EC3C789151F}.Debug|Any CPU.ActiveCfg = Debug|Any CPU
		{DB389256-401F-483E-9A7A-3EC3C789151F}.Debug|Any CPU.Build.0 = Debug|Any CPU
		{DB389256-401F-483E-9A7A-3EC3C789151F}.Release|Any CPU.ActiveCfg = Release|Any CPU
		{DB389256-401F-483E-9A7A-3EC3C789151F}.Release|Any CPU.Build.0 = Release|Any CPU
		{CE212045-663E-493A-A955-6E86774783A1}.Debug|Any CPU.ActiveCfg = Debug|Any CPU
		{CE212045-663E-493A-A955-6E86774783A1}.Debug|Any CPU.Build.0 = Debug|Any CPU
		{CE212045-663E-493A-A955-6E86774783A1}.Release|Any CPU.ActiveCfg = Release|Any CPU
		{CE212045-663E-493A-A955-6E86774783A1}.Release|Any CPU.Build.0 = Release|Any CPU
		{52CE1828-F110-4288-B080-8E0D0939F76A}.Debug|Any CPU.ActiveCfg = Debug|Any CPU
		{52CE1828-F110-4288-B080-8E0D0939F76A}.Debug|Any CPU.Build.0 = Debug|Any CPU
		{52CE1828-F110-4288-B080-8E0D0939F76A}.Release|Any CPU.ActiveCfg = Release|Any CPU
		{52CE1828-F110-4288-B080-8E0D0939F76A}.Release|Any CPU.Build.0 = Release|Any CPU
		{65F9CE6A-B486-4D51-A31B-3E5225E0C664}.Debug|Any CPU.ActiveCfg = Debug|Any CPU
		{65F9CE6A-B486-4D51-A31B-3E5225E0C664}.Debug|Any CPU.Build.0 = Debug|Any CPU
		{65F9CE6A-B486-4D51-A31B-3E5225E0C664}.Release|Any CPU.ActiveCfg = Release|Any CPU
		{65F9CE6A-B486-4D51-A31B-3E5225E0C664}.Release|Any CPU.Build.0 = Release|Any CPU
		{002EC187-0AF9-4E58-82B3-D09944F147B7}.Debug|Any CPU.ActiveCfg = Debug|Any CPU
		{002EC187-0AF9-4E58-82B3-D09944F147B7}.Debug|Any CPU.Build.0 = Debug|Any CPU
		{002EC187-0AF9-4E58-82B3-D09944F147B7}.Release|Any CPU.ActiveCfg = Release|Any CPU
		{002EC187-0AF9-4E58-82B3-D09944F147B7}.Release|Any CPU.Build.0 = Release|Any CPU
		{71502108-8514-4A82-A236-A9D861E4B055}.Debug|Any CPU.ActiveCfg = Debug|Any CPU
		{71502108-8514-4A82-A236-A9D861E4B055}.Debug|Any CPU.Build.0 = Debug|Any CPU
		{71502108-8514-4A82-A236-A9D861E4B055}.Release|Any CPU.ActiveCfg = Release|Any CPU
		{71502108-8514-4A82-A236-A9D861E4B055}.Release|Any CPU.Build.0 = Release|Any CPU
		{FFC0366D-3034-44DF-9627-FCA2ACD4AE59}.Debug|Any CPU.ActiveCfg = Debug|Any CPU
		{FFC0366D-3034-44DF-9627-FCA2ACD4AE59}.Debug|Any CPU.Build.0 = Debug|Any CPU
		{FFC0366D-3034-44DF-9627-FCA2ACD4AE59}.Release|Any CPU.ActiveCfg = Release|Any CPU
		{FFC0366D-3034-44DF-9627-FCA2ACD4AE59}.Release|Any CPU.Build.0 = Release|Any CPU
		{64487072-EE9C-4614-98D9-2B77CD67A051}.Debug|Any CPU.ActiveCfg = Debug|Any CPU
		{64487072-EE9C-4614-98D9-2B77CD67A051}.Debug|Any CPU.Build.0 = Debug|Any CPU
		{64487072-EE9C-4614-98D9-2B77CD67A051}.Release|Any CPU.ActiveCfg = Release|Any CPU
		{64487072-EE9C-4614-98D9-2B77CD67A051}.Release|Any CPU.Build.0 = Release|Any CPU
		{4FE04510-59CD-412E-8E2C-740CBF6DEA6A}.Debug|Any CPU.ActiveCfg = Debug|Any CPU
		{4FE04510-59CD-412E-8E2C-740CBF6DEA6A}.Debug|Any CPU.Build.0 = Debug|Any CPU
		{4FE04510-59CD-412E-8E2C-740CBF6DEA6A}.Release|Any CPU.ActiveCfg = Release|Any CPU
		{4FE04510-59CD-412E-8E2C-740CBF6DEA6A}.Release|Any CPU.Build.0 = Release|Any CPU
		{374A4A19-4CB3-4315-83B9-97047DD4BD67}.Debug|Any CPU.ActiveCfg = Debug|Any CPU
		{374A4A19-4CB3-4315-83B9-97047DD4BD67}.Debug|Any CPU.Build.0 = Debug|Any CPU
		{374A4A19-4CB3-4315-83B9-97047DD4BD67}.Release|Any CPU.ActiveCfg = Release|Any CPU
		{374A4A19-4CB3-4315-83B9-97047DD4BD67}.Release|Any CPU.Build.0 = Release|Any CPU
	EndGlobalSection
	GlobalSection(SolutionProperties) = preSolution
		HideSolutionNode = FALSE
	EndGlobalSection
	GlobalSection(ExtensibilityGlobals) = postSolution
		SolutionGuid = {5AD9AAD3-91DA-4597-BD2F-EAF9B8DFC1DF}
	EndGlobalSection
EndGlobal
